// !$*UTF8*$!
{
	archiveVersion = 1;
	classes = {
	};
	objectVersion = 46;
	objects = {

/* Begin PBXBuildFile section */
		9E049E7B1F5C9C8800F3E57B /* AppDelegate.swift in Sources */ = {isa = PBXBuildFile; fileRef = 9E049E7A1F5C9C8800F3E57B /* AppDelegate.swift */; };
		9E049E7D1F5C9C8800F3E57B /* ViewController.swift in Sources */ = {isa = PBXBuildFile; fileRef = 9E049E7C1F5C9C8800F3E57B /* ViewController.swift */; };
		9E049E801F5C9C8800F3E57B /* Main.storyboard in Resources */ = {isa = PBXBuildFile; fileRef = 9E049E7E1F5C9C8800F3E57B /* Main.storyboard */; };
		9E049E821F5C9C8800F3E57B /* Assets.xcassets in Resources */ = {isa = PBXBuildFile; fileRef = 9E049E811F5C9C8800F3E57B /* Assets.xcassets */; };
		9E049E851F5C9C8800F3E57B /* LaunchScreen.storyboard in Resources */ = {isa = PBXBuildFile; fileRef = 9E049E831F5C9C8800F3E57B /* LaunchScreen.storyboard */; };
/* End PBXBuildFile section */

/* Begin PBXFileReference section */
		9E049E771F5C9C8800F3E57B /* Find Me.app */ = {isa = PBXFileReference; explicitFileType = wrapper.application; includeInIndex = 0; path = "Find Me.app"; sourceTree = BUILT_PRODUCTS_DIR; };
		9E049E7A1F5C9C8800F3E57B /* AppDelegate.swift */ = {isa = PBXFileReference; lastKnownFileType = sourcecode.swift; path = AppDelegate.swift; sourceTree = "<group>"; };
		9E049E7C1F5C9C8800F3E57B /* ViewController.swift */ = {isa = PBXFileReference; lastKnownFileType = sourcecode.swift; path = ViewController.swift; sourceTree = "<group>"; };
		9E049E7F1F5C9C8800F3E57B /* Base */ = {isa = PBXFileReference; lastKnownFileType = file.storyboard; name = Base; path = Base.lproj/Main.storyboard; sourceTree = "<group>"; };
		9E049E811F5C9C8800F3E57B /* Assets.xcassets */ = {isa = PBXFileReference; lastKnownFileType = folder.assetcatalog; path = Assets.xcassets; sourceTree = "<group>"; };
		9E049E841F5C9C8800F3E57B /* Base */ = {isa = PBXFileReference; lastKnownFileType = file.storyboard; name = Base; path = Base.lproj/LaunchScreen.storyboard; sourceTree = "<group>"; };
		9E049E861F5C9C8800F3E57B /* Info.plist */ = {isa = PBXFileReference; lastKnownFileType = text.plist.xml; path = Info.plist; sourceTree = "<group>"; };
/* End PBXFileReference section */

/* Begin PBXFrameworksBuildPhase section */
		9E049E741F5C9C8800F3E57B /* Frameworks */ = {
			isa = PBXFrameworksBuildPhase;
			buildActionMask = 2147483647;
			files = (
			);
			runOnlyForDeploymentPostprocessing = 0;
		};
/* End PBXFrameworksBuildPhase section */

/* Begin PBXGroup section */
		9E049E6E1F5C9C8800F3E57B = {
			isa = PBXGroup;
			children = (
				9E049E791F5C9C8800F3E57B /* Find Me */,
				9E049E781F5C9C8800F3E57B /* Products */,
			);
			sourceTree = "<group>";
		};
		9E049E781F5C9C8800F3E57B /* Products */ = {
			isa = PBXGroup;
			children = (
				9E049E771F5C9C8800F3E57B /* Find Me.app */,
			);
			name = Products;
			sourceTree = "<group>";
		};
		9E049E791F5C9C8800F3E57B /* Find Me */ = {
			isa = PBXGroup;
			children = (
				9E049E7A1F5C9C8800F3E57B /* AppDelegate.swift */,
				9E049E7C1F5C9C8800F3E57B /* ViewController.swift */,
				9E049E7E1F5C9C8800F3E57B /* Main.storyboard */,
				9E049E811F5C9C8800F3E57B /* Assets.xcassets */,
				9E049E831F5C9C8800F3E57B /* LaunchScreen.storyboard */,
				9E049E861F5C9C8800F3E57B /* Info.plist */,
			);
			path = "Find Me";
			sourceTree = "<group>";
		};
/* End PBXGroup section */

/* Begin PBXNativeTarget section */
		9E049E761F5C9C8800F3E57B /* Find Me */ = {
			isa = PBXNativeTarget;
			buildConfigurationList = 9E049E891F5C9C8800F3E57B /* Build configuration list for PBXNativeTarget "Find Me" */;
			buildPhases = (
				9E049E731F5C9C8800F3E57B /* Sources */,
				9E049E741F5C9C8800F3E57B /* Frameworks */,
				9E049E751F5C9C8800F3E57B /* Resources */,
			);
			buildRules = (
			);
			dependencies = (
			);
			name = "Find Me";
			productName = "Find Me";
			productReference = 9E049E771F5C9C8800F3E57B /* Find Me.app */;
			productType = "com.apple.product-type.application";
		};
/* End PBXNativeTarget section */

/* Begin PBXProject section */
		9E049E6F1F5C9C8800F3E57B /* Project object */ = {
			isa = PBXProject;
			attributes = {
				LastSwiftUpdateCheck = 0830;
				LastUpgradeCheck = 0830;
				ORGANIZATIONNAME = "Ainor Syahrizal";
				TargetAttributes = {
					9E049E761F5C9C8800F3E57B = {
						CreatedOnToolsVersion = 8.3.3;
						DevelopmentTeam = Z8FHF7KZ5S;
						ProvisioningStyle = Automatic;
					};
				};
			};
			buildConfigurationList = 9E049E721F5C9C8800F3E57B /* Build configuration list for PBXProject "Find Me" */;
			compatibilityVersion = "Xcode 3.2";
			developmentRegion = English;
			hasScannedForEncodings = 0;
			knownRegions = (
				en,
				Base,
			);
			mainGroup = 9E049E6E1F5C9C8800F3E57B;
			productRefGroup = 9E049E781F5C9C8800F3E57B /* Products */;
			projectDirPath = "";
			projectRoot = "";
			targets = (
				9E049E761F5C9C8800F3E57B /* Find Me */,
			);
		};
/* End PBXProject section */

/* Begin PBXResourcesBuildPhase section */
		9E049E751F5C9C8800F3E57B /* Resources */ = {
			isa = PBXResourcesBuildPhase;
			buildActionMask = 2147483647;
			files = (
				9E049E851F5C9C8800F3E57B /* LaunchScreen.storyboard in Resources */,
				9E049E821F5C9C8800F3E57B /* Assets.xcassets in Resources */,
				9E049E801F5C9C8800F3E57B /* Main.storyboard in Resources */,
			);
			runOnlyForDeploymentPostprocessing = 0;
		};
/* End PBXResourcesBuildPhase section */

/* Begin PBXSourcesBuildPhase section */
		9E049E731F5C9C8800F3E57B /* Sources */ = {
			isa = PBXSourcesBuildPhase;
			buildActionMask = 2147483647;
			files = (
				9E049E7D1F5C9C8800F3E57B /* ViewController.swift in Sources */,
				9E049E7B1F5C9C8800F3E57B /* AppDelegate.swift in Sources */,
			);
			runOnlyForDeploymentPostprocessing = 0;
		};
/* End PBXSourcesBuildPhase section */

/* Begin PBXVariantGroup section */
		9E049E7E1F5C9C8800F3E57B /* Main.storyboard */ = {
			isa = PBXVariantGroup;
			children = (
				9E049E7F1F5C9C8800F3E57B /* Base */,
			);
			name = Main.storyboard;
			sourceTree = "<group>";
		};
		9E049E831F5C9C8800F3E57B /* LaunchScreen.storyboard */ = {
			isa = PBXVariantGroup;
			children = (
				9E049E841F5C9C8800F3E57B /* Base */,
			);
			name = LaunchScreen.storyboard;
			sourceTree = "<group>";
		};
/* End PBXVariantGroup section */

/* Begin XCBuildConfiguration section */
		9E049E871F5C9C8800F3E57B /* Debug */ = {
			isa = XCBuildConfiguration;
			buildSettings = {
				ALWAYS_SEARCH_USER_PATHS = NO;
				CLANG_ANALYZER_NONNULL = YES;
				CLANG_ANALYZER_NUMBER_OBJECT_CONVERSION = YES_AGGRESSIVE;
				CLANG_CXX_LANGUAGE_STANDARD = "gnu++0x";
				CLANG_CXX_LIBRARY = "libc++";
				CLANG_ENABLE_MODULES = YES;
				CLANG_ENABLE_OBJC_ARC = YES;
				CLANG_WARN_BOOL_CONVERSION = YES;
				CLANG_WARN_CONSTANT_CONVERSION = YES;
				CLANG_WARN_DIRECT_OBJC_ISA_USAGE = YES_ERROR;
				CLANG_WARN_DOCUMENTATION_COMMENTS = YES;
				CLANG_WARN_EMPTY_BODY = YES;
				CLANG_WARN_ENUM_CONVERSION = YES;
				CLANG_WARN_INFINITE_RECURSION = YES;
				CLANG_WARN_INT_CONVERSION = YES;
				CLANG_WARN_OBJC_ROOT_CLASS = YES_ERROR;
				CLANG_WARN_SUSPICIOUS_MOVE = YES;
				CLANG_WARN_UNREACHABLE_CODE = YES;
				CLANG_WARN__DUPLICATE_METHOD_MATCH = YES;
				"CODE_SIGN_IDENTITY[sdk=iphoneos*]" = "iPhone Developer";
				COPY_PHASE_STRIP = NO;
				DEBUG_INFORMATION_FORMAT = dwarf;
				ENABLE_STRICT_OBJC_MSGSEND = YES;
				ENABLE_TESTABILITY = YES;
				GCC_C_LANGUAGE_STANDARD = gnu99;
				GCC_DYNAMIC_NO_PIC = NO;
				GCC_NO_COMMON_BLOCKS = YES;
				GCC_OPTIMIZATION_LEVEL = 0;
				GCC_PREPROCESSOR_DEFINITIONS = (
					"DEBUG=1",
					"$(inherited)",
				);
				GCC_WARN_64_TO_32_BIT_CONVERSION = YES;
				GCC_WARN_ABOUT_RETURN_TYPE = YES_ERROR;
				GCC_WARN_UNDECLARED_SELECTOR = YES;
				GCC_WARN_UNINITIALIZED_AUTOS = YES_AGGRESSIVE;
				GCC_WARN_UNUSED_FUNCTION = YES;
				GCC_WARN_UNUSED_VARIABLE = YES;
				IPHONEOS_DEPLOYMENT_TARGET = 10.3;
				MTL_ENABLE_DEBUG_INFO = YES;
				ONLY_ACTIVE_ARCH = YES;
				SDKROOT = iphoneos;
				SWIFT_ACTIVE_COMPILATION_CONDITIONS = DEBUG;
				SWIFT_OPTIMIZATION_LEVEL = "-Onone";
			};
			name = Debug;
		};
		9E049E881F5C9C8800F3E57B /* Release */ = {
			isa = XCBuildConfiguration;
			buildSettings = {
				ALWAYS_SEARCH_USER_PATHS = NO;
				CLANG_ANALYZER_NONNULL = YES;
				CLANG_ANALYZER_NUMBER_OBJECT_CONVERSION = YES_AGGRESSIVE;
				CLANG_CXX_LANGUAGE_STANDARD = "gnu++0x";
				CLANG_CXX_LIBRARY = "libc++";
				CLANG_ENABLE_MODULES = YES;
				CLANG_ENABLE_OBJC_ARC = YES;
				CLANG_WARN_BOOL_CONVERSION = YES;
				CLANG_WARN_CONSTANT_CONVERSION = YES;
				CLANG_WARN_DIRECT_OBJC_ISA_USAGE = YES_ERROR;
				CLANG_WARN_DOCUMENTATION_COMMENTS = YES;
				CLANG_WARN_EMPTY_BODY = YES;
				CLANG_WARN_ENUM_CONVERSION = YES;
				CLANG_WARN_INFINITE_RECURSION = YES;
				CLANG_WARN_INT_CONVERSION = YES;
				CLANG_WARN_OBJC_ROOT_CLASS = YES_ERROR;
				CLANG_WARN_SUSPICIOUS_MOVE = YES;
				CLANG_WARN_UNREACHABLE_CODE = YES;
				CLANG_WARN__DUPLICATE_METHOD_MATCH = YES;
				"CODE_SIGN_IDENTITY[sdk=iphoneos*]" = "iPhone Developer";
				COPY_PHASE_STRIP = NO;
				DEBUG_INFORMATION_FORMAT = "dwarf-with-dsym";
				ENABLE_NS_ASSERTIONS = NO;
				ENABLE_STRICT_OBJC_MSGSEND = YES;
				GCC_C_LANGUAGE_STANDARD = gnu99;
				GCC_NO_COMMON_BLOCKS = YES;
				GCC_WARN_64_TO_32_BIT_CONVERSION = YES;
				GCC_WARN_ABOUT_RETURN_TYPE = YES_ERROR;
				GCC_WARN_UNDECLARED_SELECTOR = YES;
				GCC_WARN_UNINITIALIZED_AUTOS = YES_AGGRESSIVE;
				GCC_WARN_UNUSED_FUNCTION = YES;
				GCC_WARN_UNUSED_VARIABLE = YES;
				IPHONEOS_DEPLOYMENT_TARGET = 10.3;
				MTL_ENABLE_DEBUG_INFO = NO;
				SDKROOT = iphoneos;
				SWIFT_OPTIMIZATION_LEVEL = "-Owholemodule";
				VALIDATE_PRODUCT = YES;
			};
			name = Release;
		};
		9E049E8A1F5C9C8800F3E57B /* Debug */ = {
			isa = XCBuildConfiguration;
			buildSettings = {
				ASSETCATALOG_COMPILER_APPICON_NAME = AppIcon;
				DEVELOPMENT_TEAM = Z8FHF7KZ5S;
				INFOPLIST_FILE = "Find Me/Info.plist";
				LD_RUNPATH_SEARCH_PATHS = "$(inherited) @executable_path/Frameworks";
				PRODUCT_BUNDLE_IDENTIFIER = "com.ainortech.Find-Me";
				PRODUCT_NAME = "$(TARGET_NAME)";
				SWIFT_VERSION = 3.0;
			};
			name = Debug;
		};
		9E049E8B1F5C9C8800F3E57B /* Release */ = {
			isa = XCBuildConfiguration;
			buildSettings = {
				ASSETCATALOG_COMPILER_APPICON_NAME = AppIcon;
				DEVELOPMENT_TEAM = Z8FHF7KZ5S;
				INFOPLIST_FILE = "Find Me/Info.plist";
				LD_RUNPATH_SEARCH_PATHS = "$(inherited) @executable_path/Frameworks";
				PRODUCT_BUNDLE_IDENTIFIER = "com.ainortech.Find-Me";
				PRODUCT_NAME = "$(TARGET_NAME)";
				SWIFT_VERSION = 3.0;
			};
			name = Release;
		};
/* End XCBuildConfiguration section */

/* Begin XCConfigurationList section */
		9E049E721F5C9C8800F3E57B /* Build configuration list for PBXProject "Find Me" */ = {
			isa = XCConfigurationList;
			buildConfigurations = (
				9E049E871F5C9C8800F3E57B /* Debug */,
				9E049E881F5C9C8800F3E57B /* Release */,
			);
			defaultConfigurationIsVisible = 0;
			defaultConfigurationName = Release;
		};
		9E049E891F5C9C8800F3E57B /* Build configuration list for PBXNativeTarget "Find Me" */ = {
			isa = XCConfigurationList;
			buildConfigurations = (
				9E049E8A1F5C9C8800F3E57B /* Debug */,
				9E049E8B1F5C9C8800F3E57B /* Release */,
			);
			defaultConfigurationIsVisible = 0;
		};
/* End XCConfigurationList section */
	};
	rootObject = 9E049E6F1F5C9C8800F3E57B /* Project object */;
}
